
Microsoft Visual Studio Solution File, Format Version 12.00
# Visual Studio Version 16
VisualStudioVersion = 16.0.30907.101
MinimumVisualStudioVersion = 10.0.40219.1
Project("{FAE04EC0-301F-11D3-BF4B-00C04F79EFBC}") = "FestCompanion.Android", "FestCompanion\FestCompanion.Android\FestCompanion.Android.csproj", "{E3E08189-1075-480B-B9D6-16845ED58D40}"
EndProject
Project("{FAE04EC0-301F-11D3-BF4B-00C04F79EFBC}") = "FestCompanion", "FestCompanion\FestCompanion\FestCompanion.csproj", "{0A9E4245-32BE-4BEE-969B-30A07D8E5416}"
EndProject
Global
	GlobalSection(SolutionConfigurationPlatforms) = preSolution
		Debug|Any CPU = Debug|Any CPU
		Release|Any CPU = Release|Any CPU
	EndGlobalSection
	GlobalSection(ProjectConfigurationPlatforms) = postSolution
		{E3E08189-1075-480B-B9D6-16845ED58D40}.Debug|Any CPU.ActiveCfg = Debug|Any CPU
		{E3E08189-1075-480B-B9D6-16845ED58D40}.Debug|Any CPU.Build.0 = Debug|Any CPU
		{E3E08189-1075-480B-B9D6-16845ED58D40}.Debug|Any CPU.Deploy.0 = Debug|Any CPU
		{E3E08189-1075-480B-B9D6-16845ED58D40}.Release|Any CPU.ActiveCfg = Release|Any CPU
		{E3E08189-1075-480B-B9D6-16845ED58D40}.Release|Any CPU.Build.0 = Release|Any CPU
		{E3E08189-1075-480B-B9D6-16845ED58D40}.Release|Any CPU.Deploy.0 = Release|Any CPU
		{0A9E4245-32BE-4BEE-969B-30A07D8E5416}.Debug|Any CPU.ActiveCfg = Debug|Any CPU
		{0A9E4245-32BE-4BEE-969B-30A07D8E5416}.Debug|Any CPU.Build.0 = Debug|Any CPU
		{0A9E4245-32BE-4BEE-969B-30A07D8E5416}.Debug|Any CPU.Deploy.0 = Debug|Any CPU
		{0A9E4245-32BE-4BEE-969B-30A07D8E5416}.Release|Any CPU.ActiveCfg = Release|Any CPU
		{0A9E4245-32BE-4BEE-969B-30A07D8E5416}.Release|Any CPU.Build.0 = Release|Any CPU
		{0A9E4245-32BE-4BEE-969B-30A07D8E5416}.Release|Any CPU.Deploy.0 = Release|Any CPU
	EndGlobalSection
	GlobalSection(SolutionProperties) = preSolution
		HideSolutionNode = FALSE
	EndGlobalSection
	GlobalSection(ExtensibilityGlobals) = postSolution
		SolutionGuid = {84EB981F-7AD6-4ED9-A6D4-89E3EE97EB13}
	EndGlobalSection
EndGlobal
